
Microsoft Visual Studio Solution File, Format Version 12.00
# Visual Studio Version 16
VisualStudioVersion = 16.0.29709.97
MinimumVisualStudioVersion = 10.0.40219.1
Project("{FAE04EC0-301F-11D3-BF4B-00C04F79EFBC}") = "Collections", "Collections.csproj", "{DE575BC0-BA7F-4D68-9BFF-CEC4F89E164C}"
EndProject
Global
	GlobalSection(SolutionConfigurationPlatforms) = preSolution
		Debug|Any CPU = Debug|Any CPU
		Release|Any CPU = Release|Any CPU
	EndGlobalSection
	GlobalSection(ProjectConfigurationPlatforms) = postSolution
		{DE575BC0-BA7F-4D68-9BFF-CEC4F89E164C}.Debug|Any CPU.ActiveCfg = Debug|Any CPU
		{DE575BC0-BA7F-4D68-9BFF-CEC4F89E164C}.Debug|Any CPU.Build.0 = Debug|Any CPU
		{DE575BC0-BA7F-4D68-9BFF-CEC4F89E164C}.Release|Any CPU.ActiveCfg = Release|Any CPU
		{DE575BC0-BA7F-4D68-9BFF-CEC4F89E164C}.Release|Any CPU.Build.0 = Release|Any CPU
	EndGlobalSection
	GlobalSection(SolutionProperties) = preSolution
		HideSolutionNode = FALSE
	EndGlobalSection
	GlobalSection(ExtensibilityGlobals) = postSolution
		SolutionGuid = {F69F1070-70BA-4523-9064-853041D110C4}
	EndGlobalSection
EndGlobal
