
Microsoft Visual Studio Solution File, Format Version 12.00
# Visual Studio Express 15 for Windows Desktop
VisualStudioVersion = 15.0.28010.2048
MinimumVisualStudioVersion = 10.0.40219.1
Project("{FAE04EC0-301F-11D3-BF4B-00C04F79EFBC}") = "ACM.BL", "ACM.BL\ACM.BL.csproj", "{93B7C69E-3A34-477C-B86B-E372603C2FF9}"
EndProject
Project("{2150E333-8FDC-42A3-9474-1A3956D46DE8}") = "Tests", "Tests", "{80C14771-019A-43C4-92D6-53A8B14C33C0}"
EndProject
Project("{FAE04EC0-301F-11D3-BF4B-00C04F79EFBC}") = "ACM.BLTest", "Tests\ACM.BLTest\ACM.BLTest.csproj", "{9E48E92E-AA78-4E63-98C8-71E4FC0A7193}"
EndProject
Global
	GlobalSection(SolutionConfigurationPlatforms) = preSolution
		Debug|Any CPU = Debug|Any CPU
		Release|Any CPU = Release|Any CPU
	EndGlobalSection
	GlobalSection(ProjectConfigurationPlatforms) = postSolution
		{93B7C69E-3A34-477C-B86B-E372603C2FF9}.Debug|Any CPU.ActiveCfg = Debug|Any CPU
		{93B7C69E-3A34-477C-B86B-E372603C2FF9}.Debug|Any CPU.Build.0 = Debug|Any CPU
		{93B7C69E-3A34-477C-B86B-E372603C2FF9}.Release|Any CPU.ActiveCfg = Release|Any CPU
		{93B7C69E-3A34-477C-B86B-E372603C2FF9}.Release|Any CPU.Build.0 = Release|Any CPU
		{9E48E92E-AA78-4E63-98C8-71E4FC0A7193}.Debug|Any CPU.ActiveCfg = Debug|Any CPU
		{9E48E92E-AA78-4E63-98C8-71E4FC0A7193}.Debug|Any CPU.Build.0 = Debug|Any CPU
		{9E48E92E-AA78-4E63-98C8-71E4FC0A7193}.Release|Any CPU.ActiveCfg = Release|Any CPU
		{9E48E92E-AA78-4E63-98C8-71E4FC0A7193}.Release|Any CPU.Build.0 = Release|Any CPU
	EndGlobalSection
	GlobalSection(SolutionProperties) = preSolution
		HideSolutionNode = FALSE
	EndGlobalSection
	GlobalSection(NestedProjects) = preSolution
		{9E48E92E-AA78-4E63-98C8-71E4FC0A7193} = {80C14771-019A-43C4-92D6-53A8B14C33C0}
	EndGlobalSection
	GlobalSection(ExtensibilityGlobals) = postSolution
		SolutionGuid = {BDDB01B1-3E52-4C79-9DC3-9BFCE4CCC9C7}
	EndGlobalSection
EndGlobal
