
Microsoft Visual Studio Solution File, Format Version 12.00
# Visual Studio Version 16
VisualStudioVersion = 16.0.29709.97
MinimumVisualStudioVersion = 10.0.40219.1
Project("{FAE04EC0-301F-11D3-BF4B-00C04F79EFBC}") = "Generics", "Generics.csproj", "{77F66D0C-0416-4D43-B1A1-93E2E2DEBBDF}"
EndProject
Project("{FAE04EC0-301F-11D3-BF4B-00C04F79EFBC}") = "Tips", "..\Tips\Tips.csproj", "{21ABFEE8-5AE2-4867-84F9-BC66FF4A9BF6}"
EndProject
Global
	GlobalSection(SolutionConfigurationPlatforms) = preSolution
		Debug|Any CPU = Debug|Any CPU
		Release|Any CPU = Release|Any CPU
	EndGlobalSection
	GlobalSection(ProjectConfigurationPlatforms) = postSolution
		{77F66D0C-0416-4D43-B1A1-93E2E2DEBBDF}.Debug|Any CPU.ActiveCfg = Debug|Any CPU
		{77F66D0C-0416-4D43-B1A1-93E2E2DEBBDF}.Debug|Any CPU.Build.0 = Debug|Any CPU
		{77F66D0C-0416-4D43-B1A1-93E2E2DEBBDF}.Release|Any CPU.ActiveCfg = Release|Any CPU
		{77F66D0C-0416-4D43-B1A1-93E2E2DEBBDF}.Release|Any CPU.Build.0 = Release|Any CPU
		{21ABFEE8-5AE2-4867-84F9-BC66FF4A9BF6}.Debug|Any CPU.ActiveCfg = Debug|Any CPU
		{21ABFEE8-5AE2-4867-84F9-BC66FF4A9BF6}.Debug|Any CPU.Build.0 = Debug|Any CPU
		{21ABFEE8-5AE2-4867-84F9-BC66FF4A9BF6}.Release|Any CPU.ActiveCfg = Release|Any CPU
		{21ABFEE8-5AE2-4867-84F9-BC66FF4A9BF6}.Release|Any CPU.Build.0 = Release|Any CPU
	EndGlobalSection
	GlobalSection(SolutionProperties) = preSolution
		HideSolutionNode = FALSE
	EndGlobalSection
	GlobalSection(ExtensibilityGlobals) = postSolution
		SolutionGuid = {C12BFEAF-6F1C-4076-9C3C-115C8AD6AF6F}
	EndGlobalSection
EndGlobal
